
Microsoft Visual Studio Solution File, Format Version 12.00
# Visual Studio Version 17
VisualStudioVersion = 17.5.33530.505
MinimumVisualStudioVersion = 10.0.40219.1
Project("{FAE04EC0-301F-11D3-BF4B-00C04F79EFBC}") = "PRprivyazka2", "PRprivyazka2\PRprivyazka2.csproj", "{344B58DE-C8EB-4AE5-8F08-D51656823A87}"
EndProject
Global
	GlobalSection(SolutionConfigurationPlatforms) = preSolution
		Debug|Any CPU = Debug|Any CPU
		Release|Any CPU = Release|Any CPU
	EndGlobalSection
	GlobalSection(ProjectConfigurationPlatforms) = postSolution
		{344B58DE-C8EB-4AE5-8F08-D51656823A87}.Debug|Any CPU.ActiveCfg = Debug|Any CPU
		{344B58DE-C8EB-4AE5-8F08-D51656823A87}.Debug|Any CPU.Build.0 = Debug|Any CPU
		{344B58DE-C8EB-4AE5-8F08-D51656823A87}.Release|Any CPU.ActiveCfg = Release|Any CPU
		{344B58DE-C8EB-4AE5-8F08-D51656823A87}.Release|Any CPU.Build.0 = Release|Any CPU
	EndGlobalSection
	GlobalSection(SolutionProperties) = preSolution
		HideSolutionNode = FALSE
	EndGlobalSection
	GlobalSection(ExtensibilityGlobals) = postSolution
		SolutionGuid = {EA5C3E43-749D-4072-A40B-4C36B6EA7560}
	EndGlobalSection
EndGlobal
